// !$*UTF8*$!
{
	archiveVersion = 1;
	classes = {
	};
	objectVersion = 55;
	objects = {

/* Begin PBXBuildFile section */
		4F0CD84F2E74DBD6008FA334 /* HomeViewController.swift in Sources */ = {isa = PBXBuildFile; fileRef = 4F0CD84D2E74DBD5008FA334 /* HomeViewController.swift */; };
		4F0CD8502E74DBD6008FA334 /* HomeViewController.xib in Resources */ = {isa = PBXBuildFile; fileRef = 4F0CD84E2E74DBD6008FA334 /* HomeViewController.xib */; };
		4F0CD8542E74F120008FA334 /* HomeCollectionViewCell.swift in Sources */ = {isa = PBXBuildFile; fileRef = 4F0CD8522E74F120008FA334 /* HomeCollectionViewCell.swift */; };
		4F0CD8552E74F120008FA334 /* HomeCollectionViewCell.xib in Resources */ = {isa = PBXBuildFile; fileRef = 4F0CD8532E74F120008FA334 /* HomeCollectionViewCell.xib */; };
		4F0CD8592E75C010008FA334 /* LeaguesViewController.swift in Sources */ = {isa = PBXBuildFile; fileRef = 4F0CD8572E75C010008FA334 /* LeaguesViewController.swift */; };
		4F0CD85A2E75C010008FA334 /* LeaguesViewController.xib in Resources */ = {isa = PBXBuildFile; fileRef = 4F0CD8582E75C010008FA334 /* LeaguesViewController.xib */; };
		4F0CD85E2E75C212008FA334 /* LeaguesTableViewCell.swift in Sources */ = {isa = PBXBuildFile; fileRef = 4F0CD85C2E75C212008FA334 /* LeaguesTableViewCell.swift */; };
		4F0CD85F2E75C212008FA334 /* LeaguesTableViewCell.xib in Resources */ = {isa = PBXBuildFile; fileRef = 4F0CD85D2E75C212008FA334 /* LeaguesTableViewCell.xib */; };
		4F36074B2E74D496009BA6C3 /* AppDelegate.swift in Sources */ = {isa = PBXBuildFile; fileRef = 4F36074A2E74D496009BA6C3 /* AppDelegate.swift */; };
		4F36074D2E74D496009BA6C3 /* SceneDelegate.swift in Sources */ = {isa = PBXBuildFile; fileRef = 4F36074C2E74D496009BA6C3 /* SceneDelegate.swift */; };
		4F36074F2E74D496009BA6C3 /* ViewController.swift in Sources */ = {isa = PBXBuildFile; fileRef = 4F36074E2E74D496009BA6C3 /* ViewController.swift */; };
		4F3607522E74D496009BA6C3 /* Main.storyboard in Resources */ = {isa = PBXBuildFile; fileRef = 4F3607502E74D496009BA6C3 /* Main.storyboard */; };
		4F3607552E74D496009BA6C3 /* Sportivo.xcdatamodeld in Sources */ = {isa = PBXBuildFile; fileRef = 4F3607532E74D496009BA6C3 /* Sportivo.xcdatamodeld */; };
		4F3607572E74D49B009BA6C3 /* Assets.xcassets in Resources */ = {isa = PBXBuildFile; fileRef = 4F3607562E74D49B009BA6C3 /* Assets.xcassets */; };
		4F36075A2E74D49B009BA6C3 /* LaunchScreen.storyboard in Resources */ = {isa = PBXBuildFile; fileRef = 4F3607582E74D49B009BA6C3 /* LaunchScreen.storyboard */; };
		4F3607632E74D4F6009BA6C3 /* LandingViewController.swift in Sources */ = {isa = PBXBuildFile; fileRef = 4F3607612E74D4F6009BA6C3 /* LandingViewController.swift */; };
		4F3607642E74D4F6009BA6C3 /* LandingViewController.xib in Resources */ = {isa = PBXBuildFile; fileRef = 4F3607622E74D4F6009BA6C3 /* LandingViewController.xib */; };
		4F395F6F2E79738600B55095 /* FavoriteViewController.swift in Sources */ = {isa = PBXBuildFile; fileRef = 4F395F6D2E79738600B55095 /* FavoriteViewController.swift */; };
		4F395F702E79738600B55095 /* FavoriteViewController.xib in Resources */ = {isa = PBXBuildFile; fileRef = 4F395F6E2E79738600B55095 /* FavoriteViewController.xib */; };
		4F395F732E79758700B55095 /* HomeTabBarViewController.swift in Sources */ = {isa = PBXBuildFile; fileRef = 4F395F722E79758700B55095 /* HomeTabBarViewController.swift */; };
/* End PBXBuildFile section */

/* Begin PBXFileReference section */
		4F0CD84D2E74DBD5008FA334 /* HomeViewController.swift */ = {isa = PBXFileReference; lastKnownFileType = sourcecode.swift; path = HomeViewController.swift; sourceTree = "<group>"; };
		4F0CD84E2E74DBD6008FA334 /* HomeViewController.xib */ = {isa = PBXFileReference; lastKnownFileType = file.xib; path = HomeViewController.xib; sourceTree = "<group>"; };
		4F0CD8522E74F120008FA334 /* HomeCollectionViewCell.swift */ = {isa = PBXFileReference; lastKnownFileType = sourcecode.swift; path = HomeCollectionViewCell.swift; sourceTree = "<group>"; };
		4F0CD8532E74F120008FA334 /* HomeCollectionViewCell.xib */ = {isa = PBXFileReference; lastKnownFileType = file.xib; path = HomeCollectionViewCell.xib; sourceTree = "<group>"; };
		4F0CD8572E75C010008FA334 /* LeaguesViewController.swift */ = {isa = PBXFileReference; lastKnownFileType = sourcecode.swift; path = LeaguesViewController.swift; sourceTree = "<group>"; };
		4F0CD8582E75C010008FA334 /* LeaguesViewController.xib */ = {isa = PBXFileReference; lastKnownFileType = file.xib; path = LeaguesViewController.xib; sourceTree = "<group>"; };
		4F0CD85C2E75C212008FA334 /* LeaguesTableViewCell.swift */ = {isa = PBXFileReference; lastKnownFileType = sourcecode.swift; path = LeaguesTableViewCell.swift; sourceTree = "<group>"; };
		4F0CD85D2E75C212008FA334 /* LeaguesTableViewCell.xib */ = {isa = PBXFileReference; lastKnownFileType = file.xib; path = LeaguesTableViewCell.xib; sourceTree = "<group>"; };
		4F3607472E74D496009BA6C3 /* Sportivo.app */ = {isa = PBXFileReference; explicitFileType = wrapper.application; includeInIndex = 0; path = Sportivo.app; sourceTree = BUILT_PRODUCTS_DIR; };
		4F36074A2E74D496009BA6C3 /* AppDelegate.swift */ = {isa = PBXFileReference; lastKnownFileType = sourcecode.swift; path = AppDelegate.swift; sourceTree = "<group>"; };
		4F36074C2E74D496009BA6C3 /* SceneDelegate.swift */ = {isa = PBXFileReference; lastKnownFileType = sourcecode.swift; path = SceneDelegate.swift; sourceTree = "<group>"; };
		4F36074E2E74D496009BA6C3 /* ViewController.swift */ = {isa = PBXFileReference; lastKnownFileType = sourcecode.swift; path = ViewController.swift; sourceTree = "<group>"; };
		4F3607512E74D496009BA6C3 /* Base */ = {isa = PBXFileReference; lastKnownFileType = file.storyboard; name = Base; path = Base.lproj/Main.storyboard; sourceTree = "<group>"; };
		4F3607542E74D496009BA6C3 /* Sportivo.xcdatamodel */ = {isa = PBXFileReference; lastKnownFileType = wrapper.xcdatamodel; path = Sportivo.xcdatamodel; sourceTree = "<group>"; };
		4F3607562E74D49B009BA6C3 /* Assets.xcassets */ = {isa = PBXFileReference; lastKnownFileType = folder.assetcatalog; path = Assets.xcassets; sourceTree = "<group>"; };
		4F3607592E74D49B009BA6C3 /* Base */ = {isa = PBXFileReference; lastKnownFileType = file.storyboard; name = Base; path = Base.lproj/LaunchScreen.storyboard; sourceTree = "<group>"; };
		4F36075B2E74D49B009BA6C3 /* Info.plist */ = {isa = PBXFileReference; lastKnownFileType = text.plist.xml; path = Info.plist; sourceTree = "<group>"; };
		4F3607612E74D4F6009BA6C3 /* LandingViewController.swift */ = {isa = PBXFileReference; lastKnownFileType = sourcecode.swift; path = LandingViewController.swift; sourceTree = "<group>"; };
		4F3607622E74D4F6009BA6C3 /* LandingViewController.xib */ = {isa = PBXFileReference; lastKnownFileType = file.xib; path = LandingViewController.xib; sourceTree = "<group>"; };
		4F395F6D2E79738600B55095 /* FavoriteViewController.swift */ = {isa = PBXFileReference; lastKnownFileType = sourcecode.swift; path = FavoriteViewController.swift; sourceTree = "<group>"; };
		4F395F6E2E79738600B55095 /* FavoriteViewController.xib */ = {isa = PBXFileReference; lastKnownFileType = file.xib; path = FavoriteViewController.xib; sourceTree = "<group>"; };
		4F395F722E79758700B55095 /* HomeTabBarViewController.swift */ = {isa = PBXFileReference; lastKnownFileType = sourcecode.swift; path = HomeTabBarViewController.swift; sourceTree = "<group>"; };
/* End PBXFileReference section */

/* Begin PBXFrameworksBuildPhase section */
		4F3607442E74D496009BA6C3 /* Frameworks */ = {
			isa = PBXFrameworksBuildPhase;
			buildActionMask = 2147483647;
			files = (
			);
			runOnlyForDeploymentPostprocessing = 0;
		};
/* End PBXFrameworksBuildPhase section */

/* Begin PBXGroup section */
		4F0CD8512E74DED6008FA334 /* Home View controller */ = {
			isa = PBXGroup;
			children = (
				4F0CD84D2E74DBD5008FA334 /* HomeViewController.swift */,
				4F0CD84E2E74DBD6008FA334 /* HomeViewController.xib */,
				4F0CD8562E75BECB008FA334 /* HomeCell */,
			);
			path = "Home View controller";
			sourceTree = "<group>";
		};
		4F0CD8562E75BECB008FA334 /* HomeCell */ = {
			isa = PBXGroup;
			children = (
				4F0CD8522E74F120008FA334 /* HomeCollectionViewCell.swift */,
				4F0CD8532E74F120008FA334 /* HomeCollectionViewCell.xib */,
			);
			path = HomeCell;
			sourceTree = "<group>";
		};
		4F0CD85B2E75C14C008FA334 /* Leagues View Controller */ = {
			isa = PBXGroup;
			children = (
				4F0CD8572E75C010008FA334 /* LeaguesViewController.swift */,
				4F0CD8582E75C010008FA334 /* LeaguesViewController.xib */,
				4F395F3D2E78508D00B55095 /* Leagues Cell */,
			);
			path = "Leagues View Controller";
			sourceTree = "<group>";
		};
		4F36073E2E74D496009BA6C3 = {
			isa = PBXGroup;
			children = (
				4F3607492E74D496009BA6C3 /* Sportivo */,
				4F3607482E74D496009BA6C3 /* Products */,
			);
			sourceTree = "<group>";
		};
		4F3607482E74D496009BA6C3 /* Products */ = {
			isa = PBXGroup;
			children = (
				4F3607472E74D496009BA6C3 /* Sportivo.app */,
			);
			name = Products;
			sourceTree = "<group>";
		};
		4F3607492E74D496009BA6C3 /* Sportivo */ = {
			isa = PBXGroup;
			children = (
				4F395F712E7974FF00B55095 /* tab Bar  */,
				4F395F6C2E79735C00B55095 /* FavoriteViewController */,
				4F36074A2E74D496009BA6C3 /* AppDelegate.swift */,
				4F36074C2E74D496009BA6C3 /* SceneDelegate.swift */,
				4F36074E2E74D496009BA6C3 /* ViewController.swift */,
				4F3607502E74D496009BA6C3 /* Main.storyboard */,
				4F0CD8512E74DED6008FA334 /* Home View controller */,
				4F3607652E74D4FC009BA6C3 /* Landing Screen */,
				4F0CD85B2E75C14C008FA334 /* Leagues View Controller */,
				4F3607562E74D49B009BA6C3 /* Assets.xcassets */,
				4F3607582E74D49B009BA6C3 /* LaunchScreen.storyboard */,
				4F36075B2E74D49B009BA6C3 /* Info.plist */,
				4F3607532E74D496009BA6C3 /* Sportivo.xcdatamodeld */,
			);
			path = Sportivo;
			sourceTree = "<group>";
		};
		4F3607652E74D4FC009BA6C3 /* Landing Screen */ = {
			isa = PBXGroup;
			children = (
				4F3607612E74D4F6009BA6C3 /* LandingViewController.swift */,
				4F3607622E74D4F6009BA6C3 /* LandingViewController.xib */,
			);
			path = "Landing Screen";
			sourceTree = "<group>";
		};
		4F395F3D2E78508D00B55095 /* Leagues Cell */ = {
			isa = PBXGroup;
			children = (
				4F0CD85C2E75C212008FA334 /* LeaguesTableViewCell.swift */,
				4F0CD85D2E75C212008FA334 /* LeaguesTableViewCell.xib */,
			);
			path = "Leagues Cell";
			sourceTree = "<group>";
		};
		4F395F6C2E79735C00B55095 /* FavoriteViewController */ = {
			isa = PBXGroup;
			children = (
				4F395F6D2E79738600B55095 /* FavoriteViewController.swift */,
				4F395F6E2E79738600B55095 /* FavoriteViewController.xib */,
			);
			path = FavoriteViewController;
			sourceTree = "<group>";
		};
		4F395F712E7974FF00B55095 /* tab Bar  */ = {
			isa = PBXGroup;
			children = (
				4F395F722E79758700B55095 /* HomeTabBarViewController.swift */,
			);
			path = "tab Bar ";
			sourceTree = "<group>";
		};
/* End PBXGroup section */

/* Begin PBXNativeTarget section */
		4F3607462E74D496009BA6C3 /* Sportivo */ = {
			isa = PBXNativeTarget;
			buildConfigurationList = 4F36075E2E74D49B009BA6C3 /* Build configuration list for PBXNativeTarget "Sportivo" */;
			buildPhases = (
				4F3607432E74D496009BA6C3 /* Sources */,
				4F3607442E74D496009BA6C3 /* Frameworks */,
				4F3607452E74D496009BA6C3 /* Resources */,
			);
			buildRules = (
			);
			dependencies = (
			);
			name = Sportivo;
			productName = Sportivo;
			productReference = 4F3607472E74D496009BA6C3 /* Sportivo.app */;
			productType = "com.apple.product-type.application";
		};
/* End PBXNativeTarget section */

/* Begin PBXProject section */
		4F36073F2E74D496009BA6C3 /* Project object */ = {
			isa = PBXProject;
			attributes = {
				BuildIndependentTargetsInParallel = 1;
				LastSwiftUpdateCheck = 1310;
				LastUpgradeCheck = 1310;
				TargetAttributes = {
					4F3607462E74D496009BA6C3 = {
						CreatedOnToolsVersion = 13.1;
					};
				};
			};
			buildConfigurationList = 4F3607422E74D496009BA6C3 /* Build configuration list for PBXProject "Sportivo" */;
			compatibilityVersion = "Xcode 13.0";
			developmentRegion = en;
			hasScannedForEncodings = 0;
			knownRegions = (
				en,
				Base,
			);
			mainGroup = 4F36073E2E74D496009BA6C3;
			productRefGroup = 4F3607482E74D496009BA6C3 /* Products */;
			projectDirPath = "";
			projectRoot = "";
			targets = (
				4F3607462E74D496009BA6C3 /* Sportivo */,
			);
		};
/* End PBXProject section */

/* Begin PBXResourcesBuildPhase section */
		4F3607452E74D496009BA6C3 /* Resources */ = {
			isa = PBXResourcesBuildPhase;
			buildActionMask = 2147483647;
			files = (
				4F36075A2E74D49B009BA6C3 /* LaunchScreen.storyboard in Resources */,
				4F0CD85A2E75C010008FA334 /* LeaguesViewController.xib in Resources */,
				4F0CD85F2E75C212008FA334 /* LeaguesTableViewCell.xib in Resources */,
				4F0CD8552E74F120008FA334 /* HomeCollectionViewCell.xib in Resources */,
				4F3607572E74D49B009BA6C3 /* Assets.xcassets in Resources */,
				4F0CD8502E74DBD6008FA334 /* HomeViewController.xib in Resources */,
				4F3607642E74D4F6009BA6C3 /* LandingViewController.xib in Resources */,
				4F3607522E74D496009BA6C3 /* Main.storyboard in Resources */,
				4F395F702E79738600B55095 /* FavoriteViewController.xib in Resources */,
			);
			runOnlyForDeploymentPostprocessing = 0;
		};
/* End PBXResourcesBuildPhase section */

/* Begin PBXSourcesBuildPhase section */
		4F3607432E74D496009BA6C3 /* Sources */ = {
			isa = PBXSourcesBuildPhase;
			buildActionMask = 2147483647;
			files = (
				4F395F732E79758700B55095 /* HomeTabBarViewController.swift in Sources */,
				4F0CD8542E74F120008FA334 /* HomeCollectionViewCell.swift in Sources */,
				4F36074F2E74D496009BA6C3 /* ViewController.swift in Sources */,
				4F36074B2E74D496009BA6C3 /* AppDelegate.swift in Sources */,
				4F0CD8592E75C010008FA334 /* LeaguesViewController.swift in Sources */,
				4F395F6F2E79738600B55095 /* FavoriteViewController.swift in Sources */,
				4F36074D2E74D496009BA6C3 /* SceneDelegate.swift in Sources */,
				4F3607632E74D4F6009BA6C3 /* LandingViewController.swift in Sources */,
				4F3607552E74D496009BA6C3 /* Sportivo.xcdatamodeld in Sources */,
				4F0CD85E2E75C212008FA334 /* LeaguesTableViewCell.swift in Sources */,
				4F0CD84F2E74DBD6008FA334 /* HomeViewController.swift in Sources */,
			);
			runOnlyForDeploymentPostprocessing = 0;
		};
/* End PBXSourcesBuildPhase section */

/* Begin PBXVariantGroup section */
		4F3607502E74D496009BA6C3 /* Main.storyboard */ = {
			isa = PBXVariantGroup;
			children = (
				4F3607512E74D496009BA6C3 /* Base */,
			);
			name = Main.storyboard;
			sourceTree = "<group>";
		};
		4F3607582E74D49B009BA6C3 /* LaunchScreen.storyboard */ = {
			isa = PBXVariantGroup;
			children = (
				4F3607592E74D49B009BA6C3 /* Base */,
			);
			name = LaunchScreen.storyboard;
			sourceTree = "<group>";
		};
/* End PBXVariantGroup section */

/* Begin XCBuildConfiguration section */
		4F36075C2E74D49B009BA6C3 /* Debug */ = {
			isa = XCBuildConfiguration;
			buildSettings = {
				ALWAYS_SEARCH_USER_PATHS = NO;
				CLANG_ANALYZER_NONNULL = YES;
				CLANG_ANALYZER_NUMBER_OBJECT_CONVERSION = YES_AGGRESSIVE;
				CLANG_CXX_LANGUAGE_STANDARD = "gnu++17";
				CLANG_CXX_LIBRARY = "libc++";
				CLANG_ENABLE_MODULES = YES;
				CLANG_ENABLE_OBJC_ARC = YES;
				CLANG_ENABLE_OBJC_WEAK = YES;
				CLANG_WARN_BLOCK_CAPTURE_AUTORELEASING = YES;
				CLANG_WARN_BOOL_CONVERSION = YES;
				CLANG_WARN_COMMA = YES;
				CLANG_WARN_CONSTANT_CONVERSION = YES;
				CLANG_WARN_DEPRECATED_OBJC_IMPLEMENTATIONS = YES;
				CLANG_WARN_DIRECT_OBJC_ISA_USAGE = YES_ERROR;
				CLANG_WARN_DOCUMENTATION_COMMENTS = YES;
				CLANG_WARN_EMPTY_BODY = YES;
				CLANG_WARN_ENUM_CONVERSION = YES;
				CLANG_WARN_INFINITE_RECURSION = YES;
				CLANG_WARN_INT_CONVERSION = YES;
				CLANG_WARN_NON_LITERAL_NULL_CONVERSION = YES;
				CLANG_WARN_OBJC_IMPLICIT_RETAIN_SELF = YES;
				CLANG_WARN_OBJC_LITERAL_CONVERSION = YES;
				CLANG_WARN_OBJC_ROOT_CLASS = YES_ERROR;
				CLANG_WARN_QUOTED_INCLUDE_IN_FRAMEWORK_HEADER = YES;
				CLANG_WARN_RANGE_LOOP_ANALYSIS = YES;
				CLANG_WARN_STRICT_PROTOTYPES = YES;
				CLANG_WARN_SUSPICIOUS_MOVE = YES;
				CLANG_WARN_UNGUARDED_AVAILABILITY = YES_AGGRESSIVE;
				CLANG_WARN_UNREACHABLE_CODE = YES;
				CLANG_WARN__DUPLICATE_METHOD_MATCH = YES;
				COPY_PHASE_STRIP = NO;
				DEBUG_INFORMATION_FORMAT = dwarf;
				ENABLE_STRICT_OBJC_MSGSEND = YES;
				ENABLE_TESTABILITY = YES;
				GCC_C_LANGUAGE_STANDARD = gnu11;
				GCC_DYNAMIC_NO_PIC = NO;
				GCC_NO_COMMON_BLOCKS = YES;
				GCC_OPTIMIZATION_LEVEL = 0;
				GCC_PREPROCESSOR_DEFINITIONS = (
					"DEBUG=1",
					"$(inherited)",
				);
				GCC_WARN_64_TO_32_BIT_CONVERSION = YES;
				GCC_WARN_ABOUT_RETURN_TYPE = YES_ERROR;
				GCC_WARN_UNDECLARED_SELECTOR = YES;
				GCC_WARN_UNINITIALIZED_AUTOS = YES_AGGRESSIVE;
				GCC_WARN_UNUSED_FUNCTION = YES;
				GCC_WARN_UNUSED_VARIABLE = YES;
				IPHONEOS_DEPLOYMENT_TARGET = 15.0;
				MTL_ENABLE_DEBUG_INFO = INCLUDE_SOURCE;
				MTL_FAST_MATH = YES;
				ONLY_ACTIVE_ARCH = YES;
				SDKROOT = iphoneos;
				SWIFT_ACTIVE_COMPILATION_CONDITIONS = DEBUG;
				SWIFT_OPTIMIZATION_LEVEL = "-Onone";
			};
			name = Debug;
		};
		4F36075D2E74D49B009BA6C3 /* Release */ = {
			isa = XCBuildConfiguration;
			buildSettings = {
				ALWAYS_SEARCH_USER_PATHS = NO;
				CLANG_ANALYZER_NONNULL = YES;
				CLANG_ANALYZER_NUMBER_OBJECT_CONVERSION = YES_AGGRESSIVE;
				CLANG_CXX_LANGUAGE_STANDARD = "gnu++17";
				CLANG_CXX_LIBRARY = "libc++";
				CLANG_ENABLE_MODULES = YES;
				CLANG_ENABLE_OBJC_ARC = YES;
				CLANG_ENABLE_OBJC_WEAK = YES;
				CLANG_WARN_BLOCK_CAPTURE_AUTORELEASING = YES;
				CLANG_WARN_BOOL_CONVERSION = YES;
				CLANG_WARN_COMMA = YES;
				CLANG_WARN_CONSTANT_CONVERSION = YES;
				CLANG_WARN_DEPRECATED_OBJC_IMPLEMENTATIONS = YES;
				CLANG_WARN_DIRECT_OBJC_ISA_USAGE = YES_ERROR;
				CLANG_WARN_DOCUMENTATION_COMMENTS = YES;
				CLANG_WARN_EMPTY_BODY = YES;
				CLANG_WARN_ENUM_CONVERSION = YES;
				CLANG_WARN_INFINITE_RECURSION = YES;
				CLANG_WARN_INT_CONVERSION = YES;
				CLANG_WARN_NON_LITERAL_NULL_CONVERSION = YES;
				CLANG_WARN_OBJC_IMPLICIT_RETAIN_SELF = YES;
				CLANG_WARN_OBJC_LITERAL_CONVERSION = YES;
				CLANG_WARN_OBJC_ROOT_CLASS = YES_ERROR;
				CLANG_WARN_QUOTED_INCLUDE_IN_FRAMEWORK_HEADER = YES;
				CLANG_WARN_RANGE_LOOP_ANALYSIS = YES;
				CLANG_WARN_STRICT_PROTOTYPES = YES;
				CLANG_WARN_SUSPICIOUS_MOVE = YES;
				CLANG_WARN_UNGUARDED_AVAILABILITY = YES_AGGRESSIVE;
				CLANG_WARN_UNREACHABLE_CODE = YES;
				CLANG_WARN__DUPLICATE_METHOD_MATCH = YES;
				COPY_PHASE_STRIP = NO;
				DEBUG_INFORMATION_FORMAT = "dwarf-with-dsym";
				ENABLE_NS_ASSERTIONS = NO;
				ENABLE_STRICT_OBJC_MSGSEND = YES;
				GCC_C_LANGUAGE_STANDARD = gnu11;
				GCC_NO_COMMON_BLOCKS = YES;
				GCC_WARN_64_TO_32_BIT_CONVERSION = YES;
				GCC_WARN_ABOUT_RETURN_TYPE = YES_ERROR;
				GCC_WARN_UNDECLARED_SELECTOR = YES;
				GCC_WARN_UNINITIALIZED_AUTOS = YES_AGGRESSIVE;
				GCC_WARN_UNUSED_FUNCTION = YES;
				GCC_WARN_UNUSED_VARIABLE = YES;
				IPHONEOS_DEPLOYMENT_TARGET = 15.0;
				MTL_ENABLE_DEBUG_INFO = NO;
				MTL_FAST_MATH = YES;
				SDKROOT = iphoneos;
				SWIFT_COMPILATION_MODE = wholemodule;
				SWIFT_OPTIMIZATION_LEVEL = "-O";
				VALIDATE_PRODUCT = YES;
			};
			name = Release;
		};
		4F36075F2E74D49B009BA6C3 /* Debug */ = {
			isa = XCBuildConfiguration;
			buildSettings = {
				ASSETCATALOG_COMPILER_APPICON_NAME = AppIcon;
				ASSETCATALOG_COMPILER_GLOBAL_ACCENT_COLOR_NAME = AccentColor;
				CODE_SIGN_STYLE = Automatic;
				CURRENT_PROJECT_VERSION = 1;
				DEVELOPMENT_TEAM = 25WP27S325;
				GENERATE_INFOPLIST_FILE = YES;
				INFOPLIST_FILE = Sportivo/Info.plist;
				INFOPLIST_KEY_UIApplicationSupportsIndirectInputEvents = YES;
				INFOPLIST_KEY_UILaunchStoryboardName = LaunchScreen;
				INFOPLIST_KEY_UIMainStoryboardFile = Main;
				INFOPLIST_KEY_UISupportedInterfaceOrientations_iPad = "UIInterfaceOrientationPortrait UIInterfaceOrientationPortraitUpsideDown UIInterfaceOrientationLandscapeLeft UIInterfaceOrientationLandscapeRight";
				INFOPLIST_KEY_UISupportedInterfaceOrientations_iPhone = "UIInterfaceOrientationPortrait UIInterfaceOrientationLandscapeLeft UIInterfaceOrientationLandscapeRight";
				LD_RUNPATH_SEARCH_PATHS = (
					"$(inherited)",
					"@executable_path/Frameworks",
				);
				MARKETING_VERSION = 1.0;
				PRODUCT_BUNDLE_IDENTIFIER = "adham-ragap.Sportivo";
				PRODUCT_NAME = "$(TARGET_NAME)";
				SWIFT_EMIT_LOC_STRINGS = YES;
				SWIFT_VERSION = 5.0;
				TARGETED_DEVICE_FAMILY = "1,2";
			};
			name = Debug;
		};
		4F3607602E74D49B009BA6C3 /* Release */ = {
			isa = XCBuildConfiguration;
			buildSettings = {
				ASSETCATALOG_COMPILER_APPICON_NAME = AppIcon;
				ASSETCATALOG_COMPILER_GLOBAL_ACCENT_COLOR_NAME = AccentColor;
				CODE_SIGN_STYLE = Automatic;
				CURRENT_PROJECT_VERSION = 1;
				DEVELOPMENT_TEAM = 25WP27S325;
				GENERATE_INFOPLIST_FILE = YES;
				INFOPLIST_FILE = Sportivo/Info.plist;
				INFOPLIST_KEY_UIApplicationSupportsIndirectInputEvents = YES;
				INFOPLIST_KEY_UILaunchStoryboardName = LaunchScreen;
				INFOPLIST_KEY_UIMainStoryboardFile = Main;
				INFOPLIST_KEY_UISupportedInterfaceOrientations_iPad = "UIInterfaceOrientationPortrait UIInterfaceOrientationPortraitUpsideDown UIInterfaceOrientationLandscapeLeft UIInterfaceOrientationLandscapeRight";
				INFOPLIST_KEY_UISupportedInterfaceOrientations_iPhone = "UIInterfaceOrientationPortrait UIInterfaceOrientationLandscapeLeft UIInterfaceOrientationLandscapeRight";
				LD_RUNPATH_SEARCH_PATHS = (
					"$(inherited)",
					"@executable_path/Frameworks",
				);
				MARKETING_VERSION = 1.0;
				PRODUCT_BUNDLE_IDENTIFIER = "adham-ragap.Sportivo";
				PRODUCT_NAME = "$(TARGET_NAME)";
				SWIFT_EMIT_LOC_STRINGS = YES;
				SWIFT_VERSION = 5.0;
				TARGETED_DEVICE_FAMILY = "1,2";
			};
			name = Release;
		};
/* End XCBuildConfiguration section */

/* Begin XCConfigurationList section */
		4F3607422E74D496009BA6C3 /* Build configuration list for PBXProject "Sportivo" */ = {
			isa = XCConfigurationList;
			buildConfigurations = (
				4F36075C2E74D49B009BA6C3 /* Debug */,
				4F36075D2E74D49B009BA6C3 /* Release */,
			);
			defaultConfigurationIsVisible = 0;
			defaultConfigurationName = Release;
		};
		4F36075E2E74D49B009BA6C3 /* Build configuration list for PBXNativeTarget "Sportivo" */ = {
			isa = XCConfigurationList;
			buildConfigurations = (
				4F36075F2E74D49B009BA6C3 /* Debug */,
				4F3607602E74D49B009BA6C3 /* Release */,
			);
			defaultConfigurationIsVisible = 0;
			defaultConfigurationName = Release;
		};
/* End XCConfigurationList section */

/* Begin XCVersionGroup section */
		4F3607532E74D496009BA6C3 /* Sportivo.xcdatamodeld */ = {
			isa = XCVersionGroup;
			children = (
				4F3607542E74D496009BA6C3 /* Sportivo.xcdatamodel */,
			);
			currentVersion = 4F3607542E74D496009BA6C3 /* Sportivo.xcdatamodel */;
			path = Sportivo.xcdatamodeld;
			sourceTree = "<group>";
			versionGroupType = wrapper.xcdatamodel;
		};
/* End XCVersionGroup section */
	};
	rootObject = 4F36073F2E74D496009BA6C3 /* Project object */;
}
